# THIS IS AN AUTOGENERATED FILE. DO NOT EDIT THIS FILE DIRECTLY.
# yarn lockfile v1


react-hook-form@^7.17.5:
  version "7.17.5"
  resolved "https://registry.yarnpkg.com/react-hook-form/-/react-hook-form-7.17.5.tgz#3852f294159378d0b5893c9fcc89e313937c6f89"
  integrity sha512-4bPtPGkpVhZlgtTbtMGi0RFphKHgxCj5u3AsGz3SBdleELlG1pDf9zRQOtfGlOGkZlc7u78RzD0xu9kOw7PYdQ==
